
Microsoft Visual Studio Solution File, Format Version 12.00
# Visual Studio Version 16
VisualStudioVersion = 16.0.31729.503
MinimumVisualStudioVersion = 10.0.40219.1
Project("{FAE04EC0-301F-11D3-BF4B-00C04F79EFBC}") = "Opdracht2_Prog", "Opdracht2_Prog\Opdracht2_Prog.csproj", "{4F7C32B7-B900-4960-A9C6-37D68FA650DF}"
EndProject
Global
	GlobalSection(SolutionConfigurationPlatforms) = preSolution
		Debug|Any CPU = Debug|Any CPU
		Release|Any CPU = Release|Any CPU
	EndGlobalSection
	GlobalSection(ProjectConfigurationPlatforms) = postSolution
		{4F7C32B7-B900-4960-A9C6-37D68FA650DF}.Debug|Any CPU.ActiveCfg = Debug|Any CPU
		{4F7C32B7-B900-4960-A9C6-37D68FA650DF}.Debug|Any CPU.Build.0 = Debug|Any CPU
		{4F7C32B7-B900-4960-A9C6-37D68FA650DF}.Release|Any CPU.ActiveCfg = Release|Any CPU
		{4F7C32B7-B900-4960-A9C6-37D68FA650DF}.Release|Any CPU.Build.0 = Release|Any CPU
	EndGlobalSection
	GlobalSection(SolutionProperties) = preSolution
		HideSolutionNode = FALSE
	EndGlobalSection
	GlobalSection(ExtensibilityGlobals) = postSolution
		SolutionGuid = {FECF5B53-8CFE-469A-AE4F-8551E6D98C4D}
	EndGlobalSection
EndGlobal
